# @generated by Move, please check-in and do not edit manually.

[move]
version = 2
manifest_digest = "48958FAB3A69F2B3D9C3BC6C1A2C2CAE553E072A7AC2E9995352587666FFF9A3"
deps_digest = "F8BBB0CCB2491CA29A3DF03D6F92277A4F3574266507ACD77214D37ECA3F3082"
dependencies = [
  { name = "Iota" },
]

[[move.package]]
name = "Iota"
source = { git = "https://github.com/iotaledger/iota.git", rev = "testnet", subdir = "crates/iota-framework/packages/iota-framework" }

dependencies = [
  { name = "MoveStdlib" },
]

[[move.package]]
name = "MoveStdlib"
source = { git = "https://github.com/iotaledger/iota.git", rev = "testnet", subdir = "crates/iota-framework/packages/move-stdlib" }

[move.toolchain-version]
compiler-version = "0.7.1-rc"
edition = "2024.beta"
flavor = "iota"

[env]

[env.testnet]
chain-id = "2304aa97"
original-published-id = "0xccea9b4bfb5af09d5abe0c349745c77f03896387d5131431fb95df15650fdf2e"
latest-published-id = "0xccea9b4bfb5af09d5abe0c349745c77f03896387d5131431fb95df15650fdf2e"
published-version = "1"
